schema: '2.0'
stages:
  preprocess:
    cmd: python src/preprocess.py
    deps:
    - path: data/inp/data.csv
      hash: md5
      md5: 739f3c9177b13d1c15aa060046cfb023
      size: 23872
    - path: src/preprocess.py
      hash: md5
      md5: d4ebd8c8fbf4a5374a464b6ccb415588
      size: 487
    params:
      params.yaml:
        preprocess.input: data/inp/data.csv
        preprocess.output: data/processed/data.csv
    outs:
    - path: data/processed/data.csv
      hash: md5
      md5: 478f6c9945e87f23d6e32638adf17e50
      size: 23960
  train:
    cmd: python src/train.py
    deps:
    - path: data/inp/data.csv
      hash: md5
      md5: 739f3c9177b13d1c15aa060046cfb023
      size: 23872
    - path: src/train.py
      hash: md5
      md5: cb68e8958f2b2e394374751cfaf0728d
      size: 3531
    params:
      params.yaml:
        train.data: data/inp/data.csv
        train.max_depth: 7
        train.model: models/model.pkl
        train.n_estimators: 100
        train.random_state: 42
    outs:
    - path: models/model.pkl
      hash: md5
      md5: e0d12b7726accf8b4680681ee52d667c
      size: 1342152
  evaluate:
    cmd: python src/predict.py
    deps:
    - path: data/inp/data.csv
      hash: md5
      md5: 739f3c9177b13d1c15aa060046cfb023
      size: 23872
    - path: models/model.pkl
      hash: md5
      md5: e0d12b7726accf8b4680681ee52d667c
      size: 1342152
    - path: src/predict.py
      hash: md5
      md5: 4a19fb99b2e58a285d6ce267e26fa493
      size: 1099
